// !$*UTF8*$!
{
	archiveVersion = 1;
	classes = {
	};
	objectVersion = 48;
	objects = {

/* Begin PBXBuildFile section */
		188057DB2A1A15D41B96957F /* Pods_POC_MVP.framework in Frameworks */ = {isa = PBXBuildFile; fileRef = 534FC99AC96B2374C4B7B9BB /* Pods_POC_MVP.framework */; };
		1DC90AE5204B7A3C000CF08A /* CharacterInterface.swift in Sources */ = {isa = PBXBuildFile; fileRef = 1DC90AE4204B7A3B000CF08A /* CharacterInterface.swift */; };
		1DC90AE7204B843C000CF08A /* CharacterModel.swift in Sources */ = {isa = PBXBuildFile; fileRef = 1DC90AE6204B843C000CF08A /* CharacterModel.swift */; };
		1DC90AE9204D6BF2000CF08A /* CharacterPresenter.swift in Sources */ = {isa = PBXBuildFile; fileRef = 1DC90AE8204D6BF2000CF08A /* CharacterPresenter.swift */; };
		1DC90AEB204D6C41000CF08A /* CharacterAPI.swift in Sources */ = {isa = PBXBuildFile; fileRef = 1DC90AEA204D6C41000CF08A /* CharacterAPI.swift */; };
		1DC90AED204D858C000CF08A /* CharacterLuke.json in Resources */ = {isa = PBXBuildFile; fileRef = 1DC90AEC204D858C000CF08A /* CharacterLuke.json */; };
		1DCF4AD8204A1CC800368B14 /* AppDelegate.swift in Sources */ = {isa = PBXBuildFile; fileRef = 1DCF4AD7204A1CC800368B14 /* AppDelegate.swift */; };
		1DCF4ADA204A1CC800368B14 /* CharacterViewController.swift in Sources */ = {isa = PBXBuildFile; fileRef = 1DCF4AD9204A1CC800368B14 /* CharacterViewController.swift */; };
		1DCF4ADD204A1CC800368B14 /* Main.storyboard in Resources */ = {isa = PBXBuildFile; fileRef = 1DCF4ADB204A1CC800368B14 /* Main.storyboard */; };
		1DCF4ADF204A1CC800368B14 /* Assets.xcassets in Resources */ = {isa = PBXBuildFile; fileRef = 1DCF4ADE204A1CC800368B14 /* Assets.xcassets */; };
		1DCF4AE2204A1CC800368B14 /* LaunchScreen.storyboard in Resources */ = {isa = PBXBuildFile; fileRef = 1DCF4AE0204A1CC800368B14 /* LaunchScreen.storyboard */; };
/* End PBXBuildFile section */

/* Begin PBXFileReference section */
		1682B473DE15B8AE64E6BB9C /* Pods-POC_MVP.debug.xcconfig */ = {isa = PBXFileReference; includeInIndex = 1; lastKnownFileType = text.xcconfig; name = "Pods-POC_MVP.debug.xcconfig"; path = "Pods/Target Support Files/Pods-POC_MVP/Pods-POC_MVP.debug.xcconfig"; sourceTree = "<group>"; };
		1DC3A1902795E1B2A19A21BF /* Pods-POC_MVP.release.xcconfig */ = {isa = PBXFileReference; includeInIndex = 1; lastKnownFileType = text.xcconfig; name = "Pods-POC_MVP.release.xcconfig"; path = "Pods/Target Support Files/Pods-POC_MVP/Pods-POC_MVP.release.xcconfig"; sourceTree = "<group>"; };
		1DC90AE4204B7A3B000CF08A /* CharacterInterface.swift */ = {isa = PBXFileReference; lastKnownFileType = sourcecode.swift; path = CharacterInterface.swift; sourceTree = "<group>"; };
		1DC90AE6204B843C000CF08A /* CharacterModel.swift */ = {isa = PBXFileReference; lastKnownFileType = sourcecode.swift; path = CharacterModel.swift; sourceTree = "<group>"; };
		1DC90AE8204D6BF2000CF08A /* CharacterPresenter.swift */ = {isa = PBXFileReference; lastKnownFileType = sourcecode.swift; path = CharacterPresenter.swift; sourceTree = "<group>"; };
		1DC90AEA204D6C41000CF08A /* CharacterAPI.swift */ = {isa = PBXFileReference; lastKnownFileType = sourcecode.swift; path = CharacterAPI.swift; sourceTree = "<group>"; };
		1DC90AEC204D858C000CF08A /* CharacterLuke.json */ = {isa = PBXFileReference; lastKnownFileType = text.json; path = CharacterLuke.json; sourceTree = "<group>"; };
		1DCF4AD4204A1CC800368B14 /* POC_MVP.app */ = {isa = PBXFileReference; explicitFileType = wrapper.application; includeInIndex = 0; path = POC_MVP.app; sourceTree = BUILT_PRODUCTS_DIR; };
		1DCF4AD7204A1CC800368B14 /* AppDelegate.swift */ = {isa = PBXFileReference; lastKnownFileType = sourcecode.swift; path = AppDelegate.swift; sourceTree = "<group>"; };
		1DCF4AD9204A1CC800368B14 /* CharacterViewController.swift */ = {isa = PBXFileReference; lastKnownFileType = sourcecode.swift; path = CharacterViewController.swift; sourceTree = "<group>"; };
		1DCF4ADC204A1CC800368B14 /* Base */ = {isa = PBXFileReference; lastKnownFileType = file.storyboard; name = Base; path = Base.lproj/Main.storyboard; sourceTree = "<group>"; };
		1DCF4ADE204A1CC800368B14 /* Assets.xcassets */ = {isa = PBXFileReference; lastKnownFileType = folder.assetcatalog; path = Assets.xcassets; sourceTree = "<group>"; };
		1DCF4AE1204A1CC800368B14 /* Base */ = {isa = PBXFileReference; lastKnownFileType = file.storyboard; name = Base; path = Base.lproj/LaunchScreen.storyboard; sourceTree = "<group>"; };
		1DCF4AE3204A1CC800368B14 /* Info.plist */ = {isa = PBXFileReference; lastKnownFileType = text.plist.xml; path = Info.plist; sourceTree = "<group>"; };
		534FC99AC96B2374C4B7B9BB /* Pods_POC_MVP.framework */ = {isa = PBXFileReference; explicitFileType = wrapper.framework; includeInIndex = 0; path = Pods_POC_MVP.framework; sourceTree = BUILT_PRODUCTS_DIR; };
/* End PBXFileReference section */

/* Begin PBXFrameworksBuildPhase section */
		1DCF4AD1204A1CC800368B14 /* Frameworks */ = {
			isa = PBXFrameworksBuildPhase;
			buildActionMask = 2147483647;
			files = (
				188057DB2A1A15D41B96957F /* Pods_POC_MVP.framework in Frameworks */,
			);
			runOnlyForDeploymentPostprocessing = 0;
		};
/* End PBXFrameworksBuildPhase section */

/* Begin PBXGroup section */
		1DC90AEE204D89C1000CF08A /* Model */ = {
			isa = PBXGroup;
			children = (
				1DC90AE6204B843C000CF08A /* CharacterModel.swift */,
			);
			path = Model;
			sourceTree = "<group>";
		};
		1DC90AEF204D89C7000CF08A /* View */ = {
			isa = PBXGroup;
			children = (
				1DC90AF5204D8A19000CF08A /* Storyboards */,
				1DCF4AD9204A1CC800368B14 /* CharacterViewController.swift */,
			);
			path = View;
			sourceTree = "<group>";
		};
		1DC90AF0204D89CD000CF08A /* Presenter */ = {
			isa = PBXGroup;
			children = (
				1DC90AE8204D6BF2000CF08A /* CharacterPresenter.swift */,
			);
			path = Presenter;
			sourceTree = "<group>";
		};
		1DC90AF1204D89D3000CF08A /* Interface */ = {
			isa = PBXGroup;
			children = (
				1DC90AE4204B7A3B000CF08A /* CharacterInterface.swift */,
			);
			path = Interface;
			sourceTree = "<group>";
		};
		1DC90AF2204D89DA000CF08A /* Supporting Files */ = {
			isa = PBXGroup;
			children = (
				1DCF4AE3204A1CC800368B14 /* Info.plist */,
				1DCF4ADE204A1CC800368B14 /* Assets.xcassets */,
				1DCF4AD7204A1CC800368B14 /* AppDelegate.swift */,
			);
			path = "Supporting Files";
			sourceTree = "<group>";
		};
		1DC90AF3204D89E5000CF08A /* API */ = {
			isa = PBXGroup;
			children = (
				1DC90AEA204D6C41000CF08A /* CharacterAPI.swift */,
			);
			path = API;
			sourceTree = "<group>";
		};
		1DC90AF4204D89EC000CF08A /* Mocks */ = {
			isa = PBXGroup;
			children = (
				1DC90AEC204D858C000CF08A /* CharacterLuke.json */,
			);
			path = Mocks;
			sourceTree = "<group>";
		};
		1DC90AF5204D8A19000CF08A /* Storyboards */ = {
			isa = PBXGroup;
			children = (
				1DCF4AE0204A1CC800368B14 /* LaunchScreen.storyboard */,
				1DCF4ADB204A1CC800368B14 /* Main.storyboard */,
			);
			path = Storyboards;
			sourceTree = "<group>";
		};
		1DCF4ACB204A1CC800368B14 = {
			isa = PBXGroup;
			children = (
				1DCF4AD6204A1CC800368B14 /* POC_MVP */,
				1DCF4AD5204A1CC800368B14 /* Products */,
				3F829C63AD4FDB8D17F4AF8D /* Pods */,
				99C3FDE4B182A99C2E3486B4 /* Frameworks */,
			);
			sourceTree = "<group>";
		};
		1DCF4AD5204A1CC800368B14 /* Products */ = {
			isa = PBXGroup;
			children = (
				1DCF4AD4204A1CC800368B14 /* POC_MVP.app */,
			);
			name = Products;
			sourceTree = "<group>";
		};
		1DCF4AD6204A1CC800368B14 /* POC_MVP */ = {
			isa = PBXGroup;
			children = (
				1DC90AF3204D89E5000CF08A /* API */,
				1DC90AF1204D89D3000CF08A /* Interface */,
				1DC90AF4204D89EC000CF08A /* Mocks */,
				1DC90AEE204D89C1000CF08A /* Model */,
				1DC90AF0204D89CD000CF08A /* Presenter */,
				1DC90AF2204D89DA000CF08A /* Supporting Files */,
				1DC90AEF204D89C7000CF08A /* View */,
			);
			path = POC_MVP;
			sourceTree = "<group>";
		};
		3F829C63AD4FDB8D17F4AF8D /* Pods */ = {
			isa = PBXGroup;
			children = (
				1682B473DE15B8AE64E6BB9C /* Pods-POC_MVP.debug.xcconfig */,
				1DC3A1902795E1B2A19A21BF /* Pods-POC_MVP.release.xcconfig */,
			);
			name = Pods;
			sourceTree = "<group>";
		};
		99C3FDE4B182A99C2E3486B4 /* Frameworks */ = {
			isa = PBXGroup;
			children = (
				534FC99AC96B2374C4B7B9BB /* Pods_POC_MVP.framework */,
			);
			name = Frameworks;
			sourceTree = "<group>";
		};
/* End PBXGroup section */

/* Begin PBXNativeTarget section */
		1DCF4AD3204A1CC800368B14 /* POC_MVP */ = {
			isa = PBXNativeTarget;
			buildConfigurationList = 1DCF4AE6204A1CC800368B14 /* Build configuration list for PBXNativeTarget "POC_MVP" */;
			buildPhases = (
				00981348F204A3F7AF4FDFE4 /* [CP] Check Pods Manifest.lock */,
				1DCF4AD0204A1CC800368B14 /* Sources */,
				1DCF4AD1204A1CC800368B14 /* Frameworks */,
				1DCF4AD2204A1CC800368B14 /* Resources */,
				BC8D2972530DBFE2557C1DDD /* [CP] Embed Pods Frameworks */,
				C084CF3EF97674700A383D37 /* [CP] Copy Pods Resources */,
			);
			buildRules = (
			);
			dependencies = (
			);
			name = POC_MVP;
			productName = POC_MVP;
			productReference = 1DCF4AD4204A1CC800368B14 /* POC_MVP.app */;
			productType = "com.apple.product-type.application";
		};
/* End PBXNativeTarget section */

/* Begin PBXProject section */
		1DCF4ACC204A1CC800368B14 /* Project object */ = {
			isa = PBXProject;
			attributes = {
				LastSwiftUpdateCheck = 0920;
				LastUpgradeCheck = 0920;
				ORGANIZATIONNAME = Sumiya;
				TargetAttributes = {
					1DCF4AD3204A1CC800368B14 = {
						CreatedOnToolsVersion = 9.2;
						ProvisioningStyle = Automatic;
					};
				};
			};
			buildConfigurationList = 1DCF4ACF204A1CC800368B14 /* Build configuration list for PBXProject "POC_MVP" */;
			compatibilityVersion = "Xcode 8.0";
			developmentRegion = en;
			hasScannedForEncodings = 0;
			knownRegions = (
				en,
				Base,
			);
			mainGroup = 1DCF4ACB204A1CC800368B14;
			productRefGroup = 1DCF4AD5204A1CC800368B14 /* Products */;
			projectDirPath = "";
			projectRoot = "";
			targets = (
				1DCF4AD3204A1CC800368B14 /* POC_MVP */,
			);
		};
/* End PBXProject section */

/* Begin PBXResourcesBuildPhase section */
		1DCF4AD2204A1CC800368B14 /* Resources */ = {
			isa = PBXResourcesBuildPhase;
			buildActionMask = 2147483647;
			files = (
				1DCF4AE2204A1CC800368B14 /* LaunchScreen.storyboard in Resources */,
				1DCF4ADF204A1CC800368B14 /* Assets.xcassets in Resources */,
				1DCF4ADD204A1CC800368B14 /* Main.storyboard in Resources */,
				1DC90AED204D858C000CF08A /* CharacterLuke.json in Resources */,
			);
			runOnlyForDeploymentPostprocessing = 0;
		};
/* End PBXResourcesBuildPhase section */

/* Begin PBXShellScriptBuildPhase section */
		00981348F204A3F7AF4FDFE4 /* [CP] Check Pods Manifest.lock */ = {
			isa = PBXShellScriptBuildPhase;
			buildActionMask = 2147483647;
			files = (
			);
			inputPaths = (
				"${PODS_PODFILE_DIR_PATH}/Podfile.lock",
				"${PODS_ROOT}/Manifest.lock",
			);
			name = "[CP] Check Pods Manifest.lock";
			outputPaths = (
				"$(DERIVED_FILE_DIR)/Pods-POC_MVP-checkManifestLockResult.txt",
			);
			runOnlyForDeploymentPostprocessing = 0;
			shellPath = /bin/sh;
			shellScript = "diff \"${PODS_PODFILE_DIR_PATH}/Podfile.lock\" \"${PODS_ROOT}/Manifest.lock\" > /dev/null\nif [ $? != 0 ] ; then\n    # print error to STDERR\n    echo \"error: The sandbox is not in sync with the Podfile.lock. Run 'pod install' or update your CocoaPods installation.\" >&2\n    exit 1\nfi\n# This output is used by Xcode 'outputs' to avoid re-running this script phase.\necho \"SUCCESS\" > \"${SCRIPT_OUTPUT_FILE_0}\"\n";
			showEnvVarsInLog = 0;
		};
		BC8D2972530DBFE2557C1DDD /* [CP] Embed Pods Frameworks */ = {
			isa = PBXShellScriptBuildPhase;
			buildActionMask = 2147483647;
			files = (
			);
			inputPaths = (
				"${SRCROOT}/Pods/Target Support Files/Pods-POC_MVP/Pods-POC_MVP-frameworks.sh",
				"${BUILT_PRODUCTS_DIR}/JSONParserSwift/JSONParserSwift.framework",
			);
			name = "[CP] Embed Pods Frameworks";
			outputPaths = (
				"${TARGET_BUILD_DIR}/${FRAMEWORKS_FOLDER_PATH}/JSONParserSwift.framework",
			);
			runOnlyForDeploymentPostprocessing = 0;
			shellPath = /bin/sh;
			shellScript = "\"${SRCROOT}/Pods/Target Support Files/Pods-POC_MVP/Pods-POC_MVP-frameworks.sh\"\n";
			showEnvVarsInLog = 0;
		};
		C084CF3EF97674700A383D37 /* [CP] Copy Pods Resources */ = {
			isa = PBXShellScriptBuildPhase;
			buildActionMask = 2147483647;
			files = (
			);
			inputPaths = (
			);
			name = "[CP] Copy Pods Resources";
			outputPaths = (
			);
			runOnlyForDeploymentPostprocessing = 0;
			shellPath = /bin/sh;
			shellScript = "\"${SRCROOT}/Pods/Target Support Files/Pods-POC_MVP/Pods-POC_MVP-resources.sh\"\n";
			showEnvVarsInLog = 0;
		};
/* End PBXShellScriptBuildPhase section */

/* Begin PBXSourcesBuildPhase section */
		1DCF4AD0204A1CC800368B14 /* Sources */ = {
			isa = PBXSourcesBuildPhase;
			buildActionMask = 2147483647;
			files = (
				1DCF4ADA204A1CC800368B14 /* CharacterViewController.swift in Sources */,
				1DC90AE9204D6BF2000CF08A /* CharacterPresenter.swift in Sources */,
				1DC90AE7204B843C000CF08A /* CharacterModel.swift in Sources */,
				1DC90AEB204D6C41000CF08A /* CharacterAPI.swift in Sources */,
				1DC90AE5204B7A3C000CF08A /* CharacterInterface.swift in Sources */,
				1DCF4AD8204A1CC800368B14 /* AppDelegate.swift in Sources */,
			);
			runOnlyForDeploymentPostprocessing = 0;
		};
/* End PBXSourcesBuildPhase section */

/* Begin PBXVariantGroup section */
		1DCF4ADB204A1CC800368B14 /* Main.storyboard */ = {
			isa = PBXVariantGroup;
			children = (
				1DCF4ADC204A1CC800368B14 /* Base */,
			);
			name = Main.storyboard;
			sourceTree = "<group>";
		};
		1DCF4AE0204A1CC800368B14 /* LaunchScreen.storyboard */ = {
			isa = PBXVariantGroup;
			children = (
				1DCF4AE1204A1CC800368B14 /* Base */,
			);
			name = LaunchScreen.storyboard;
			sourceTree = "<group>";
		};
/* End PBXVariantGroup section */

/* Begin XCBuildConfiguration section */
		1DCF4AE4204A1CC800368B14 /* Debug */ = {
			isa = XCBuildConfiguration;
			buildSettings = {
				ALWAYS_SEARCH_USER_PATHS = NO;
				CLANG_ANALYZER_NONNULL = YES;
				CLANG_ANALYZER_NUMBER_OBJECT_CONVERSION = YES_AGGRESSIVE;
				CLANG_CXX_LANGUAGE_STANDARD = "gnu++14";
				CLANG_CXX_LIBRARY = "libc++";
				CLANG_ENABLE_MODULES = YES;
				CLANG_ENABLE_OBJC_ARC = YES;
				CLANG_WARN_BLOCK_CAPTURE_AUTORELEASING = YES;
				CLANG_WARN_BOOL_CONVERSION = YES;
				CLANG_WARN_COMMA = YES;
				CLANG_WARN_CONSTANT_CONVERSION = YES;
				CLANG_WARN_DIRECT_OBJC_ISA_USAGE = YES_ERROR;
				CLANG_WARN_DOCUMENTATION_COMMENTS = YES;
				CLANG_WARN_EMPTY_BODY = YES;
				CLANG_WARN_ENUM_CONVERSION = YES;
				CLANG_WARN_INFINITE_RECURSION = YES;
				CLANG_WARN_INT_CONVERSION = YES;
				CLANG_WARN_NON_LITERAL_NULL_CONVERSION = YES;
				CLANG_WARN_OBJC_LITERAL_CONVERSION = YES;
				CLANG_WARN_OBJC_ROOT_CLASS = YES_ERROR;
				CLANG_WARN_RANGE_LOOP_ANALYSIS = YES;
				CLANG_WARN_STRICT_PROTOTYPES = YES;
				CLANG_WARN_SUSPICIOUS_MOVE = YES;
				CLANG_WARN_UNGUARDED_AVAILABILITY = YES_AGGRESSIVE;
				CLANG_WARN_UNREACHABLE_CODE = YES;
				CLANG_WARN__DUPLICATE_METHOD_MATCH = YES;
				CODE_SIGN_IDENTITY = "iPhone Developer";
				COPY_PHASE_STRIP = NO;
				DEBUG_INFORMATION_FORMAT = dwarf;
				ENABLE_STRICT_OBJC_MSGSEND = YES;
				ENABLE_TESTABILITY = YES;
				GCC_C_LANGUAGE_STANDARD = gnu11;
				GCC_DYNAMIC_NO_PIC = NO;
				GCC_NO_COMMON_BLOCKS = YES;
				GCC_OPTIMIZATION_LEVEL = 0;
				GCC_PREPROCESSOR_DEFINITIONS = (
					"DEBUG=1",
					"$(inherited)",
				);
				GCC_WARN_64_TO_32_BIT_CONVERSION = YES;
				GCC_WARN_ABOUT_RETURN_TYPE = YES_ERROR;
				GCC_WARN_UNDECLARED_SELECTOR = YES;
				GCC_WARN_UNINITIALIZED_AUTOS = YES_AGGRESSIVE;
				GCC_WARN_UNUSED_FUNCTION = YES;
				GCC_WARN_UNUSED_VARIABLE = YES;
				IPHONEOS_DEPLOYMENT_TARGET = 11.2;
				MTL_ENABLE_DEBUG_INFO = YES;
				ONLY_ACTIVE_ARCH = YES;
				SDKROOT = iphoneos;
				SWIFT_ACTIVE_COMPILATION_CONDITIONS = DEBUG;
				SWIFT_OPTIMIZATION_LEVEL = "-Onone";
			};
			name = Debug;
		};
		1DCF4AE5204A1CC800368B14 /* Release */ = {
			isa = XCBuildConfiguration;
			buildSettings = {
				ALWAYS_SEARCH_USER_PATHS = NO;
				CLANG_ANALYZER_NONNULL = YES;
				CLANG_ANALYZER_NUMBER_OBJECT_CONVERSION = YES_AGGRESSIVE;
				CLANG_CXX_LANGUAGE_STANDARD = "gnu++14";
				CLANG_CXX_LIBRARY = "libc++";
				CLANG_ENABLE_MODULES = YES;
				CLANG_ENABLE_OBJC_ARC = YES;
				CLANG_WARN_BLOCK_CAPTURE_AUTORELEASING = YES;
				CLANG_WARN_BOOL_CONVERSION = YES;
				CLANG_WARN_COMMA = YES;
				CLANG_WARN_CONSTANT_CONVERSION = YES;
				CLANG_WARN_DIRECT_OBJC_ISA_USAGE = YES_ERROR;
				CLANG_WARN_DOCUMENTATION_COMMENTS = YES;
				CLANG_WARN_EMPTY_BODY = YES;
				CLANG_WARN_ENUM_CONVERSION = YES;
				CLANG_WARN_INFINITE_RECURSION = YES;
				CLANG_WARN_INT_CONVERSION = YES;
				CLANG_WARN_NON_LITERAL_NULL_CONVERSION = YES;
				CLANG_WARN_OBJC_LITERAL_CONVERSION = YES;
				CLANG_WARN_OBJC_ROOT_CLASS = YES_ERROR;
				CLANG_WARN_RANGE_LOOP_ANALYSIS = YES;
				CLANG_WARN_STRICT_PROTOTYPES = YES;
				CLANG_WARN_SUSPICIOUS_MOVE = YES;
				CLANG_WARN_UNGUARDED_AVAILABILITY = YES_AGGRESSIVE;
				CLANG_WARN_UNREACHABLE_CODE = YES;
				CLANG_WARN__DUPLICATE_METHOD_MATCH = YES;
				CODE_SIGN_IDENTITY = "iPhone Developer";
				COPY_PHASE_STRIP = NO;
				DEBUG_INFORMATION_FORMAT = "dwarf-with-dsym";
				ENABLE_NS_ASSERTIONS = NO;
				ENABLE_STRICT_OBJC_MSGSEND = YES;
				GCC_C_LANGUAGE_STANDARD = gnu11;
				GCC_NO_COMMON_BLOCKS = YES;
				GCC_WARN_64_TO_32_BIT_CONVERSION = YES;
				GCC_WARN_ABOUT_RETURN_TYPE = YES_ERROR;
				GCC_WARN_UNDECLARED_SELECTOR = YES;
				GCC_WARN_UNINITIALIZED_AUTOS = YES_AGGRESSIVE;
				GCC_WARN_UNUSED_FUNCTION = YES;
				GCC_WARN_UNUSED_VARIABLE = YES;
				IPHONEOS_DEPLOYMENT_TARGET = 11.2;
				MTL_ENABLE_DEBUG_INFO = NO;
				SDKROOT = iphoneos;
				SWIFT_OPTIMIZATION_LEVEL = "-Owholemodule";
				VALIDATE_PRODUCT = YES;
			};
			name = Release;
		};
		1DCF4AE7204A1CC800368B14 /* Debug */ = {
			isa = XCBuildConfiguration;
			baseConfigurationReference = 1682B473DE15B8AE64E6BB9C /* Pods-POC_MVP.debug.xcconfig */;
			buildSettings = {
				ASSETCATALOG_COMPILER_APPICON_NAME = AppIcon;
				CODE_SIGN_STYLE = Automatic;
				DEVELOPMENT_TEAM = Q99XSJA3RT;
				INFOPLIST_FILE = "$(SRCROOT)/POC_MVP/Supporting Files/Info.plist";
				LD_RUNPATH_SEARCH_PATHS = "$(inherited) @executable_path/Frameworks";
				PRODUCT_BUNDLE_IDENTIFIER = "br.com.sumiya.POC-MVP";
				PRODUCT_NAME = "$(TARGET_NAME)";
				SWIFT_VERSION = 4.0;
				TARGETED_DEVICE_FAMILY = 1;
			};
			name = Debug;
		};
		1DCF4AE8204A1CC800368B14 /* Release */ = {
			isa = XCBuildConfiguration;
			baseConfigurationReference = 1DC3A1902795E1B2A19A21BF /* Pods-POC_MVP.release.xcconfig */;
			buildSettings = {
				ASSETCATALOG_COMPILER_APPICON_NAME = AppIcon;
				CODE_SIGN_STYLE = Automatic;
				DEVELOPMENT_TEAM = Q99XSJA3RT;
				INFOPLIST_FILE = "$(SRCROOT)/POC_MVP/Supporting Files/Info.plist";
				LD_RUNPATH_SEARCH_PATHS = "$(inherited) @executable_path/Frameworks";
				PRODUCT_BUNDLE_IDENTIFIER = "br.com.sumiya.POC-MVP";
				PRODUCT_NAME = "$(TARGET_NAME)";
				SWIFT_VERSION = 4.0;
				TARGETED_DEVICE_FAMILY = 1;
			};
			name = Release;
		};
/* End XCBuildConfiguration section */

/* Begin XCConfigurationList section */
		1DCF4ACF204A1CC800368B14 /* Build configuration list for PBXProject "POC_MVP" */ = {
			isa = XCConfigurationList;
			buildConfigurations = (
				1DCF4AE4204A1CC800368B14 /* Debug */,
				1DCF4AE5204A1CC800368B14 /* Release */,
			);
			defaultConfigurationIsVisible = 0;
			defaultConfigurationName = Release;
		};
		1DCF4AE6204A1CC800368B14 /* Build configuration list for PBXNativeTarget "POC_MVP" */ = {
			isa = XCConfigurationList;
			buildConfigurations = (
				1DCF4AE7204A1CC800368B14 /* Debug */,
				1DCF4AE8204A1CC800368B14 /* Release */,
			);
			defaultConfigurationIsVisible = 0;
			defaultConfigurationName = Release;
		};
/* End XCConfigurationList section */
	};
	rootObject = 1DCF4ACC204A1CC800368B14 /* Project object */;
}
